
Microsoft Visual Studio Solution File, Format Version 12.00
# Visual Studio 2012
Project("{FAE04EC0-301F-11D3-BF4B-00C04F79EFBC}") = "FirstApp", "FirstApp\FirstApp.csproj", "{3CC7D35F-C28A-480F-B349-C808B4ACB0CD}"
EndProject
Project("{FAE04EC0-301F-11D3-BF4B-00C04F79EFBC}") = "Service", "Service\Service.csproj", "{3E6BB178-06CB-4834-8A09-238B896AE6D4}"
EndProject
Global
	GlobalSection(SolutionConfigurationPlatforms) = preSolution
		Debug|Any CPU = Debug|Any CPU
		Release|Any CPU = Release|Any CPU
	EndGlobalSection
	GlobalSection(ProjectConfigurationPlatforms) = postSolution
		{3CC7D35F-C28A-480F-B349-C808B4ACB0CD}.Debug|Any CPU.ActiveCfg = Debug|Any CPU
		{3CC7D35F-C28A-480F-B349-C808B4ACB0CD}.Debug|Any CPU.Build.0 = Debug|Any CPU
		{3CC7D35F-C28A-480F-B349-C808B4ACB0CD}.Release|Any CPU.ActiveCfg = Release|Any CPU
		{3CC7D35F-C28A-480F-B349-C808B4ACB0CD}.Release|Any CPU.Build.0 = Release|Any CPU
		{3E6BB178-06CB-4834-8A09-238B896AE6D4}.Debug|Any CPU.ActiveCfg = Debug|Any CPU
		{3E6BB178-06CB-4834-8A09-238B896AE6D4}.Debug|Any CPU.Build.0 = Debug|Any CPU
		{3E6BB178-06CB-4834-8A09-238B896AE6D4}.Release|Any CPU.ActiveCfg = Release|Any CPU
		{3E6BB178-06CB-4834-8A09-238B896AE6D4}.Release|Any CPU.Build.0 = Release|Any CPU
	EndGlobalSection
	GlobalSection(SolutionProperties) = preSolution
		HideSolutionNode = FALSE
	EndGlobalSection
EndGlobal
